
Microsoft Visual Studio Solution File, Format Version 12.00
# Visual Studio 2013
VisualStudioVersion = 12.0.30110.0
MinimumVisualStudioVersion = 10.0.40219.1
Project("{2150E333-8FDC-42A3-9474-1A3956D46DE8}") = ".nuget", ".nuget", "{34CB5AA6-34E3-4E68-B2B3-DCC6F49C276A}"
	ProjectSection(SolutionItems) = preProject
		.nuget\NuGet.Config = .nuget\NuGet.Config
		.nuget\NuGet.exe = .nuget\NuGet.exe
		.nuget\NuGet.targets = .nuget\NuGet.targets
	EndProjectSection
EndProject
Project("{FAE04EC0-301F-11D3-BF4B-00C04F79EFBC}") = "DepedencyConsole", "DepedencyConsole\DepedencyConsole.csproj", "{13B966DB-836C-4E72-879F-AB4B3C4D749A}"
EndProject
Project("{FAE04EC0-301F-11D3-BF4B-00C04F79EFBC}") = "DependencyChecker.Utils", "DependencyChecker.Utils\DependencyChecker.Utils.csproj", "{E5435DDE-1597-4B7B-BFA8-3140DFEBB587}"
EndProject
Project("{FAE04EC0-301F-11D3-BF4B-00C04F79EFBC}") = "DependencyChecker.Model", "DependencyChecker.Model\DependencyChecker.Model.csproj", "{8CEB9917-E9C4-4104-945C-0A2EBD68613C}"
EndProject
Project("{FAE04EC0-301F-11D3-BF4B-00C04F79EFBC}") = "DependencyChecker.Presenter", "DependencyChecker.Presenter\DependencyChecker.Presenter.csproj", "{1CF15BFD-785F-4496-8206-F5460997768F}"
EndProject
Project("{FAE04EC0-301F-11D3-BF4B-00C04F79EFBC}") = "DependencyChecker.Cli", "DependencyChecker.Cli\DependencyChecker.Cli.csproj", "{584B4234-F1AF-47C7-AE61-A666FE31C61D}"
EndProject
Project("{FAE04EC0-301F-11D3-BF4B-00C04F79EFBC}") = "DependencyChecker.Presenter.Test", "DependencyChecker.Presenter.Test\DependencyChecker.Presenter.Test.csproj", "{823D0720-F22D-4703-BD39-438CC20DC541}"
EndProject
Project("{2150E333-8FDC-42A3-9474-1A3956D46DE8}") = "build", "build", "{1E1A3546-2A60-423D-B076-F646BE394116}"
	ProjectSection(SolutionItems) = preProject
		build\build.msbuild = build\build.msbuild
		build\packages.config = build\packages.config
	EndProjectSection
EndProject
Global
	GlobalSection(SolutionConfigurationPlatforms) = preSolution
		Debug|Any CPU = Debug|Any CPU
		Release|Any CPU = Release|Any CPU
	EndGlobalSection
	GlobalSection(ProjectConfigurationPlatforms) = postSolution
		{13B966DB-836C-4E72-879F-AB4B3C4D749A}.Debug|Any CPU.ActiveCfg = Debug|Any CPU
		{13B966DB-836C-4E72-879F-AB4B3C4D749A}.Debug|Any CPU.Build.0 = Debug|Any CPU
		{13B966DB-836C-4E72-879F-AB4B3C4D749A}.Release|Any CPU.ActiveCfg = Release|Any CPU
		{13B966DB-836C-4E72-879F-AB4B3C4D749A}.Release|Any CPU.Build.0 = Release|Any CPU
		{E5435DDE-1597-4B7B-BFA8-3140DFEBB587}.Debug|Any CPU.ActiveCfg = Debug|Any CPU
		{E5435DDE-1597-4B7B-BFA8-3140DFEBB587}.Debug|Any CPU.Build.0 = Debug|Any CPU
		{E5435DDE-1597-4B7B-BFA8-3140DFEBB587}.Release|Any CPU.ActiveCfg = Release|Any CPU
		{E5435DDE-1597-4B7B-BFA8-3140DFEBB587}.Release|Any CPU.Build.0 = Release|Any CPU
		{8CEB9917-E9C4-4104-945C-0A2EBD68613C}.Debug|Any CPU.ActiveCfg = Debug|Any CPU
		{8CEB9917-E9C4-4104-945C-0A2EBD68613C}.Debug|Any CPU.Build.0 = Debug|Any CPU
		{8CEB9917-E9C4-4104-945C-0A2EBD68613C}.Release|Any CPU.ActiveCfg = Release|Any CPU
		{8CEB9917-E9C4-4104-945C-0A2EBD68613C}.Release|Any CPU.Build.0 = Release|Any CPU
		{1CF15BFD-785F-4496-8206-F5460997768F}.Debug|Any CPU.ActiveCfg = Debug|Any CPU
		{1CF15BFD-785F-4496-8206-F5460997768F}.Debug|Any CPU.Build.0 = Debug|Any CPU
		{1CF15BFD-785F-4496-8206-F5460997768F}.Release|Any CPU.ActiveCfg = Release|Any CPU
		{1CF15BFD-785F-4496-8206-F5460997768F}.Release|Any CPU.Build.0 = Release|Any CPU
		{584B4234-F1AF-47C7-AE61-A666FE31C61D}.Debug|Any CPU.ActiveCfg = Debug|Any CPU
		{584B4234-F1AF-47C7-AE61-A666FE31C61D}.Debug|Any CPU.Build.0 = Debug|Any CPU
		{584B4234-F1AF-47C7-AE61-A666FE31C61D}.Release|Any CPU.ActiveCfg = Release|Any CPU
		{584B4234-F1AF-47C7-AE61-A666FE31C61D}.Release|Any CPU.Build.0 = Release|Any CPU
		{823D0720-F22D-4703-BD39-438CC20DC541}.Debug|Any CPU.ActiveCfg = Debug|Any CPU
		{823D0720-F22D-4703-BD39-438CC20DC541}.Debug|Any CPU.Build.0 = Debug|Any CPU
		{823D0720-F22D-4703-BD39-438CC20DC541}.Release|Any CPU.ActiveCfg = Release|Any CPU
		{823D0720-F22D-4703-BD39-438CC20DC541}.Release|Any CPU.Build.0 = Release|Any CPU
	EndGlobalSection
	GlobalSection(SolutionProperties) = preSolution
		HideSolutionNode = FALSE
	EndGlobalSection
EndGlobal
